{
    "_meta": {
        "hash": {
            "sha256": "e22cc281d572f885506a1d3d86c2ad47bba6076a4a980bd0fb50fb40f11a593b"
        },
        "pipfile-spec": 6,
        "requires": {
            "python_version": "3.12"
        },
        "sources": [
            {
                "name": "pypi",
                "url": "https://pypi.org/simple",
                "verify_ssl": true
            }
        ]
    },
    "default": {
        "py4j": {
            "hashes": [
                "sha256:0b6e5315bb3ada5cf62ac651d107bb2ebc02def3dee9d9548e3baac644ea8dbb",
                "sha256:85defdfd2b2376eb3abf5ca6474b51ab7e0de341c75a02f46dc9b5976f5a5c1b"
            ],
            "version": "==0.10.9.7"
        },
        "pyspark": {
            "hashes": [
                "sha256:bbb36eba09fa24e86e0923d7e7a986041b90c714e11c6aa976f9791fe9edde5e"
            ],
            "index": "pypi",
            "markers": "python_version >= '3.8'",
            "version": "==3.5.2"
        }
    },
    "develop": {}
}
